
Microsoft Visual Studio Solution File, Format Version 12.00
# Visual Studio 15
VisualStudioVersion = 15.0.28010.2046
MinimumVisualStudioVersion = 10.0.40219.1
Project("{E24C65DC-7377-472B-9ABA-BC803B73C61A}") = "1809693-InternetTechnologyAssignment", ".", "{C0B1C71F-AB79-4F06-9424-3D377954F677}"
	ProjectSection(WebsiteProperties) = preProject
		TargetFrameworkMoniker = ".NETFramework,Version%3Dv4.0"
		Debug.AspNetCompiler.VirtualPath = "/localhost_56092"
		Debug.AspNetCompiler.PhysicalPath = "..\1809693-InternetTechnologyAssignment\"
		Debug.AspNetCompiler.TargetPath = "PrecompiledWeb\localhost_56092\"
		Debug.AspNetCompiler.Updateable = "true"
		Debug.AspNetCompiler.ForceOverwrite = "true"
		Debug.AspNetCompiler.FixedNames = "false"
		Debug.AspNetCompiler.Debug = "True"
		Release.AspNetCompiler.VirtualPath = "/localhost_56092"
		Release.AspNetCompiler.PhysicalPath = "..\1809693-InternetTechnologyAssignment\"
		Release.AspNetCompiler.TargetPath = "PrecompiledWeb\localhost_56092\"
		Release.AspNetCompiler.Updateable = "true"
		Release.AspNetCompiler.ForceOverwrite = "true"
		Release.AspNetCompiler.FixedNames = "false"
		Release.AspNetCompiler.Debug = "False"
		VWDPort = "56092"
		SlnRelativePath = "..\1809693-InternetTechnologyAssignment\"
	EndProjectSection
EndProject
Global
	GlobalSection(SolutionConfigurationPlatforms) = preSolution
		Debug|Any CPU = Debug|Any CPU
	EndGlobalSection
	GlobalSection(ProjectConfigurationPlatforms) = postSolution
		{C0B1C71F-AB79-4F06-9424-3D377954F677}.Debug|Any CPU.ActiveCfg = Debug|Any CPU
		{C0B1C71F-AB79-4F06-9424-3D377954F677}.Debug|Any CPU.Build.0 = Debug|Any CPU
	EndGlobalSection
	GlobalSection(SolutionProperties) = preSolution
		HideSolutionNode = FALSE
	EndGlobalSection
	GlobalSection(ExtensibilityGlobals) = postSolution
		SolutionGuid = {A63D94F2-B1C3-4EFC-BEC6-B2BC88B757B2}
	EndGlobalSection
EndGlobal
